# THIS IS AN AUTOGENERATED FILE. DO NOT EDIT THIS FILE DIRECTLY.
# yarn lockfile v1


"@esy-ocaml/esy-installer@^0.0.0":
  version "0.0.0"
  resolved "https://registry.yarnpkg.com/@esy-ocaml/esy-installer/-/esy-installer-0.0.0.tgz#6b0e2bd4ee43531ac74793fe55cfcc3aca197a66"

"@esy-ocaml/reason@^3.0.0":
  version "3.2.0"
  resolved "https://registry.yarnpkg.com/@esy-ocaml/reason/-/reason-3.2.0.tgz#9b68a6649f3ba38a11a0fdc7b7c004cab512ac8e"
  dependencies:
    "@esy-ocaml/esy-installer" "^0.0.0"
    "@esy-ocaml/substs" "^0.0.1"
    "@opam/jbuilder" "*"
    "@opam/menhir" " >= 20170418.0.0  <= 20171013.0.0"
    "@opam/merlin-extend" " >= 0.3.0"
    "@opam/ocaml-migrate-parsetree" "*"
    "@opam/ocamlfind" ""
    "@opam/result" "*"

"@esy-ocaml/substs@^0.0.1":
  version "0.0.1"
  resolved "https://registry.yarnpkg.com/@esy-ocaml/substs/-/substs-0.0.1.tgz#59ebdbbaedcda123fc7ed8fb2b302b7d819e9a46"

"@opam/base-bytes@*":
  version "0.0.0-base"
  uid bacd2a20f40952db4c545687d27548ab
  resolved "@opam/base-bytes@0.0.0-base-bacd2a20f40952db4c545687d27548ab.tgz"
  dependencies:
    "@esy-ocaml/esy-installer" "^0.0.0"
    "@esy-ocaml/substs" "^0.0.1"
    "@opam/ocamlfind" " >= 1.5.3"
  peerDependencies:
    ocaml " >= 4.2.0"

"@opam/base-unix@*":
  version "0.0.0-base"
  uid "04bc004c59f2edca849d38ea6891bb7f"
  resolved "@opam/base-unix@0.0.0-base-04bc004c59f2edca849d38ea6891bb7f.tgz"
  dependencies:
    "@esy-ocaml/esy-installer" "^0.0.0"
    "@esy-ocaml/substs" "^0.0.1"
  peerDependencies:
    ocaml "*"

"@opam/biniou@ >= 1.2.0":
  version "1.2.0"
  uid af4880e80be63bbb3043fb7184882eb8
  resolved "@opam/biniou@1.2.0-af4880e80be63bbb3043fb7184882eb8.tgz"
  dependencies:
    "@esy-ocaml/esy-installer" "^0.0.0"
    "@esy-ocaml/substs" "^0.0.1"
    "@opam/conf-which" "*"
    "@opam/easy-format" "*"
    "@opam/jbuilder" " >= 1.0.0-beta7"
  peerDependencies:
    ocaml " >= 4.2.3000"

"@opam/camlp4@*":
  version "4.6.0-1"
  uid ec9e71b1e73d101ab8ef9a66cc9035e7
  resolved "@opam/camlp4@4.6.0-1-ec9e71b1e73d101ab8ef9a66cc9035e7.tgz"
  dependencies:
    "@esy-ocaml/esy-installer" "^0.0.0"
    "@esy-ocaml/substs" "^0.0.1"
    "@opam/ocamlbuild" "*"
  peerDependencies:
    ocaml " >= 4.6.0  < 4.7.0"

"@opam/cmdliner@*":
  version "1.0.2"
  uid "4b1c61475a9d1d2451b622ad0f3e58d2"
  resolved "@opam/cmdliner@1.0.2-4b1c61475a9d1d2451b622ad0f3e58d2.tgz"
  dependencies:
    "@esy-ocaml/esy-installer" "^0.0.0"
    "@esy-ocaml/substs" "^0.0.1"
    "@opam/ocamlbuild" "*"
    "@opam/ocamlfind" "*"
    "@opam/result" "*"
    "@opam/topkg" "*"
  peerDependencies:
    ocaml " >= 4.1.0"

"@opam/conf-m4@*":
  version "1.0.0"
  uid "97f0966b2e2652d02c0d9125781c31df"
  resolved "@opam/conf-m4@1.0.0-97f0966b2e2652d02c0d9125781c31df.tgz"
  dependencies:
    "@esy-ocaml/esy-installer" "^0.0.0"
    "@esy-ocaml/substs" "^0.0.1"
  peerDependencies:
    ocaml "*"

"@opam/conf-which@*":
  version "1.0.0"
  uid b7770c8a3ebbb7f8a80c925753375bb8
  resolved "@opam/conf-which@1.0.0-b7770c8a3ebbb7f8a80c925753375bb8.tgz"
  dependencies:
    "@esy-ocaml/esy-installer" "^0.0.0"
    "@esy-ocaml/substs" "^0.0.1"
  peerDependencies:
    ocaml "*"

"@opam/cppo@ >= 1.1.0", "@opam/cppo@*":
  version "1.6.4"
  uid "0caf37d16727e17fbcd4e9b41a467f91"
  resolved "@opam/cppo@1.6.4-0caf37d16727e17fbcd4e9b41a467f91.tgz"
  dependencies:
    "@esy-ocaml/esy-installer" "^0.0.0"
    "@esy-ocaml/substs" "^0.0.1"
    "@opam/base-bytes" "*"
    "@opam/base-unix" "*"
    "@opam/jbuilder" " >= 1.0.0-beta17"
  peerDependencies:
    ocaml "*"

"@opam/deriving@*":
  version "0.8.1"
  uid cca7e3b06525bd9238657da1b412b46f
  resolved "@opam/deriving@0.8.1-cca7e3b06525bd9238657da1b412b46f.tgz"
  dependencies:
    "@esy-ocaml/esy-installer" "^0.0.0"
    "@esy-ocaml/substs" "^0.0.1"
    "@opam/camlp4" "*"
    "@opam/num" "*"
    "@opam/oasis" " >= 0.4.4"
    "@opam/ocamlfind" "*"
  peerDependencies:
    ocaml " >= 4.3.0"

"@opam/easy-format@*":
  version "1.3.1"
  uid "0c2f9b085eba4175086013e7ef48ba05"
  resolved "@opam/easy-format@1.3.1-0c2f9b085eba4175086013e7ef48ba05.tgz"
  dependencies:
    "@esy-ocaml/esy-installer" "^0.0.0"
    "@esy-ocaml/substs" "^0.0.1"
    "@opam/jbuilder" "*"
  peerDependencies:
    ocaml " >= 4.2.3000"

"@opam/jbuilder@ >= 1.0.0-beta10", "@opam/jbuilder@ >= 1.0.0-beta11", "@opam/jbuilder@ >= 1.0.0-beta14", "@opam/jbuilder@ >= 1.0.0-beta17", "@opam/jbuilder@ >= 1.0.0-beta181", "@opam/jbuilder@ >= 1.0.0-beta7", "@opam/jbuilder@*":
  version "1.0.0-beta20"
  uid "1648206284a54407f6eee01ed950fff7"
  resolved "@opam/jbuilder@1.0.0-beta20-1648206284a54407f6eee01ed950fff7.tgz"
  dependencies:
    "@esy-ocaml/esy-installer" "^0.0.0"
    "@esy-ocaml/substs" "^0.0.1"
    "@opam/ocamlfind" "*"
  peerDependencies:
    ocaml " >= 4.2.3000"

"@opam/js_of_ocaml-compiler@*":
  version "3.1.0"
  uid "08f0c153cbff83c671062b5c3f770641"
  resolved "@opam/js_of_ocaml-compiler@3.1.0-08f0c153cbff83c671062b5c3f770641.tgz"
  dependencies:
    "@esy-ocaml/esy-installer" "^0.0.0"
    "@esy-ocaml/substs" "^0.0.1"
    "@opam/cmdliner" "*"
    "@opam/cppo" " >= 1.1.0"
    "@opam/jbuilder" " >= 1.0.0-beta17"
    "@opam/ocamlfind" "*"
    "@opam/yojson" "*"
  peerDependencies:
    ocaml " >= 4.2.0"

"@opam/lwt@*":
  version "4.0.1"
  uid "500e177eb31e84ddfe24ee6b64bd0c64"
  resolved "@opam/lwt@4.0.1-500e177eb31e84ddfe24ee6b64bd0c64.tgz"
  dependencies:
    "@esy-ocaml/esy-installer" "^0.0.0"
    "@esy-ocaml/substs" "^0.0.1"
    "@opam/cppo" " >= 1.1.0"
    "@opam/jbuilder" " >= 1.0.0-beta14"
    "@opam/ocamlfind" " >= 1.7.3--1"
    "@opam/result" "*"
  peerDependencies:
    ocaml " >= 4.2.0"

"@opam/menhir@ >= 20170418.0.0  <= 20171013.0.0":
  version "20171013.0.0"
  uid "358990f51123ce9d3629e66b9ead67ee"
  resolved "@opam/menhir@20171013.0.0-358990f51123ce9d3629e66b9ead67ee.tgz"
  dependencies:
    "@esy-ocaml/esy-installer" "^0.0.0"
    "@esy-ocaml/substs" "^0.0.1"
    "@opam/ocamlbuild" "*"
    "@opam/ocamlfind" "*"
  peerDependencies:
    ocaml " >= 4.2.0"

"@opam/merlin-extend@ >= 0.3.0":
  version "0.3.0"
  uid d688ddc39d2c47f4c3083de2fa51bf7e
  resolved "@opam/merlin-extend@0.3.0-d688ddc39d2c47f4c3083de2fa51bf7e.tgz"
  dependencies:
    "@esy-ocaml/esy-installer" "^0.0.0"
    "@esy-ocaml/substs" "^0.0.1"
    "@opam/cppo" "*"
    "@opam/ocamlfind" "*"
  peerDependencies:
    ocaml " >= 4.2.3000"

"@opam/num@*":
  version "1.1.0"
  uid "269a29bf7bb263dc53b882ff32902fa3"
  resolved "@opam/num@1.1.0-269a29bf7bb263dc53b882ff32902fa3.tgz"
  dependencies:
    "@esy-ocaml/esy-installer" "^0.0.0"
    "@esy-ocaml/substs" "^0.0.1"
    "@opam/ocamlfind" " >= 1.7.3"
  peerDependencies:
    ocaml " >= 4.6.0"

"@opam/oasis@ >= 0.4.4":
  version "0.4.11"
  uid "324e3f3b12ad6473491f43166b8213d2"
  resolved "@opam/oasis@0.4.11-324e3f3b12ad6473491f43166b8213d2.tgz"
  dependencies:
    "@esy-ocaml/esy-installer" "^0.0.0"
    "@esy-ocaml/substs" "^0.0.1"
    "@opam/base-unix" "*"
    "@opam/ocamlbuild" "*"
    "@opam/ocamlfind" " >= 1.3.1"
    "@opam/ocamlify" "*"
    "@opam/ocamlmod" "*"
  peerDependencies:
    ocaml " >= 3.12.1000"

"@opam/ocaml-migrate-parsetree@ >= 1.0.7", "@opam/ocaml-migrate-parsetree@*":
  version "1.0.10"
  uid "48723a85ec73e8dc29f6f8710d1178a4"
  resolved "@opam/ocaml-migrate-parsetree@1.0.10-48723a85ec73e8dc29f6f8710d1178a4.tgz"
  dependencies:
    "@esy-ocaml/esy-installer" "^0.0.0"
    "@esy-ocaml/substs" "^0.0.1"
    "@opam/jbuilder" " >= 1.0.0-beta181"
    "@opam/ocamlfind" "*"
    "@opam/result" "*"
  peerDependencies:
    ocaml " >= 4.2.0"

"@opam/ocamlbuild@*":
  version "0.12.0"
  uid "4d2353d6f9d4e9f658ffea64707c152a"
  resolved "@opam/ocamlbuild@0.12.0-4d2353d6f9d4e9f658ffea64707c152a.tgz"
  dependencies:
    "@esy-ocaml/esy-installer" "^0.0.0"
    "@esy-ocaml/substs" "^0.0.1"
  peerDependencies:
    ocaml " >= 4.3.0"

"@opam/ocamlfind@", "@opam/ocamlfind@ >= 1.3.1", "@opam/ocamlfind@ >= 1.5.0", "@opam/ocamlfind@ >= 1.5.3", "@opam/ocamlfind@ >= 1.6.1", "@opam/ocamlfind@ >= 1.7.3", "@opam/ocamlfind@ >= 1.7.3--1", "@opam/ocamlfind@*":
  version "1.8.0"
  uid "525500c3041431ef23d0f7d1895c8b9a"
  resolved "@opam/ocamlfind@1.8.0-525500c3041431ef23d0f7d1895c8b9a.tgz"
  dependencies:
    "@esy-ocaml/esy-installer" "^0.0.0"
    "@esy-ocaml/substs" "^0.0.1"
    "@opam/conf-m4" "*"
  peerDependencies:
    ocaml " >= 4.0.0"

"@opam/ocamlify@*":
  version "0.0.1"
  uid ecf25c02e89f1de36887d80272b5648d
  resolved "@opam/ocamlify@0.0.1-ecf25c02e89f1de36887d80272b5648d.tgz"
  dependencies:
    "@esy-ocaml/esy-installer" "^0.0.0"
    "@esy-ocaml/substs" "^0.0.1"
    "@opam/ocamlbuild" "*"
    "@opam/ocamlfind" "*"
  peerDependencies:
    ocaml "*"

"@opam/ocamlmod@*":
  version "0.0.9"
  uid ab9d3a02a721908dec65837dd2eeed41
  resolved "@opam/ocamlmod@0.0.9-ab9d3a02a721908dec65837dd2eeed41.tgz"
  dependencies:
    "@esy-ocaml/esy-installer" "^0.0.0"
    "@esy-ocaml/substs" "^0.0.1"
    "@opam/ocamlbuild" "*"
    "@opam/ocamlfind" "*"
  peerDependencies:
    ocaml "*"

"@opam/ppx_tools_versioned@*":
  version "5.1.0"
  uid "563cec821710613b61de9bf99ebebe65"
  resolved "@opam/ppx_tools_versioned@5.1.0-563cec821710613b61de9bf99ebebe65.tgz"
  dependencies:
    "@esy-ocaml/esy-installer" "^0.0.0"
    "@esy-ocaml/substs" "^0.0.1"
    "@opam/ocaml-migrate-parsetree" " >= 1.0.7"
    "@opam/ocamlfind" " >= 1.5.0"
  peerDependencies:
    ocaml " >= 4.2.0"

"@opam/re@*":
  version "1.7.3"
  uid "98b9a57656724b0540d0e404ad8a6024"
  resolved "@opam/re@1.7.3-98b9a57656724b0540d0e404ad8a6024.tgz"
  dependencies:
    "@esy-ocaml/esy-installer" "^0.0.0"
    "@esy-ocaml/substs" "^0.0.1"
    "@opam/jbuilder" " >= 1.0.0-beta10"
  peerDependencies:
    ocaml " >= 4.2.3000"

"@opam/result@*":
  version "1.3.0"
  uid "9a01d033485a02ccc143441a46adeb53"
  resolved "@opam/result@1.3.0-9a01d033485a02ccc143441a46adeb53.tgz"
  dependencies:
    "@esy-ocaml/esy-installer" "^0.0.0"
    "@esy-ocaml/substs" "^0.0.1"
    "@opam/jbuilder" " >= 1.0.0-beta11"
  peerDependencies:
    ocaml "*"

"@opam/topkg@*":
  version "0.9.1"
  uid "516192416bf683eb7edf2dbd649d014d"
  resolved "@opam/topkg@0.9.1-516192416bf683eb7edf2dbd649d014d.tgz"
  dependencies:
    "@esy-ocaml/esy-installer" "^0.0.0"
    "@esy-ocaml/substs" "^0.0.1"
    "@opam/ocamlbuild" "*"
    "@opam/ocamlfind" " >= 1.6.1"
    "@opam/result" "*"
  peerDependencies:
    ocaml " >= 4.1.0"

"@opam/uchar@*":
  version "0.0.2"
  uid "234806fdd6b50b459a41e955c67d875d"
  resolved "@opam/uchar@0.0.2-234806fdd6b50b459a41e955c67d875d.tgz"
  dependencies:
    "@esy-ocaml/esy-installer" "^0.0.0"
    "@esy-ocaml/substs" "^0.0.1"
    "@opam/ocamlbuild" "*"
  peerDependencies:
    ocaml " >= 3.12.0"

"@opam/yojson@*":
  version "1.4.1"
  uid "1d23ddc5148ccb2ca2e11f0a854d35dd"
  resolved "@opam/yojson@1.4.1-1d23ddc5148ccb2ca2e11f0a854d35dd.tgz"
  dependencies:
    "@esy-ocaml/esy-installer" "^0.0.0"
    "@esy-ocaml/substs" "^0.0.1"
    "@opam/biniou" " >= 1.2.0"
    "@opam/cppo" "*"
    "@opam/easy-format" "*"
    "@opam/jbuilder" "*"
  peerDependencies:
    ocaml " >= 4.2.3000"

"ocaml@ >= 4.6.0":
  version "4.6.1"
  resolved "https://registry.yarnpkg.com/ocaml/-/ocaml-4.6.1.tgz#8babea2c41a9f734313b4fc1841ec0963c9d7a07"

refmterr@*:
  version "3.1.7"
  resolved "https://registry.yarnpkg.com/refmterr/-/refmterr-3.1.7.tgz#fdd6a58e212b18c6a0685ff21f27a7df6621b3e8"
  dependencies:
    "@esy-ocaml/reason" "^3.0.0"
    "@opam/jbuilder" "*"
    "@opam/re" "*"
  peerDependencies:
    ocaml " >= 4.2.0  < 4.7.0"
